// !$*UTF8*$!
{
	archiveVersion = 1;
	classes = {
	};
	objectVersion = 46;
	objects = {

/* Begin PBXBuildFile section */
		AFD00A801AE7764300939B75 /* main.m in Sources */ = {isa = PBXBuildFile; fileRef = AFD00A7F1AE7764300939B75 /* main.m */; };
		AFD00A831AE7764300939B75 /* AppDelegate.m in Sources */ = {isa = PBXBuildFile; fileRef = AFD00A821AE7764300939B75 /* AppDelegate.m */; };
		AFD00A861AE7764300939B75 /* ViewController.m in Sources */ = {isa = PBXBuildFile; fileRef = AFD00A851AE7764300939B75 /* ViewController.m */; };
		AFD00A891AE7764300939B75 /* Main.storyboard in Resources */ = {isa = PBXBuildFile; fileRef = AFD00A871AE7764300939B75 /* Main.storyboard */; };
		AFD00A8B1AE7764300939B75 /* Images.xcassets in Resources */ = {isa = PBXBuildFile; fileRef = AFD00A8A1AE7764300939B75 /* Images.xcassets */; };
		AFD00A8E1AE7764300939B75 /* LaunchScreen.xib in Resources */ = {isa = PBXBuildFile; fileRef = AFD00A8C1AE7764300939B75 /* LaunchScreen.xib */; };
		AFD00A9A1AE7764400939B75 /* ListDemoTests.m in Sources */ = {isa = PBXBuildFile; fileRef = AFD00A991AE7764400939B75 /* ListDemoTests.m */; };
		AFD00AA41AE7773B00939B75 /* friends.plist in Resources */ = {isa = PBXBuildFile; fileRef = AFD00AA31AE7773B00939B75 /* friends.plist */; };
		AFD00AA71AE7779900939B75 /* GroupModel.m in Sources */ = {isa = PBXBuildFile; fileRef = AFD00AA61AE7779900939B75 /* GroupModel.m */; };
		AFD00AAA1AE777A800939B75 /* FriendModel.m in Sources */ = {isa = PBXBuildFile; fileRef = AFD00AA91AE777A800939B75 /* FriendModel.m */; };
		AFD00AAD1AE78B5600939B75 /* HeaderView.m in Sources */ = {isa = PBXBuildFile; fileRef = AFD00AAC1AE78B5600939B75 /* HeaderView.m */; };
/* End PBXBuildFile section */

/* Begin PBXContainerItemProxy section */
		AFD00A941AE7764400939B75 /* PBXContainerItemProxy */ = {
			isa = PBXContainerItemProxy;
			containerPortal = AFD00A721AE7764300939B75 /* Project object */;
			proxyType = 1;
			remoteGlobalIDString = AFD00A791AE7764300939B75;
			remoteInfo = ListDemo;
		};
/* End PBXContainerItemProxy section */

/* Begin PBXFileReference section */
		AFD00A7A1AE7764300939B75 /* ListDemo.app */ = {isa = PBXFileReference; explicitFileType = wrapper.application; includeInIndex = 0; path = ListDemo.app; sourceTree = BUILT_PRODUCTS_DIR; };
		AFD00A7E1AE7764300939B75 /* Info.plist */ = {isa = PBXFileReference; lastKnownFileType = text.plist.xml; path = Info.plist; sourceTree = "<group>"; };
		AFD00A7F1AE7764300939B75 /* main.m */ = {isa = PBXFileReference; lastKnownFileType = sourcecode.c.objc; path = main.m; sourceTree = "<group>"; };
		AFD00A811AE7764300939B75 /* AppDelegate.h */ = {isa = PBXFileReference; lastKnownFileType = sourcecode.c.h; path = AppDelegate.h; sourceTree = "<group>"; };
		AFD00A821AE7764300939B75 /* AppDelegate.m */ = {isa = PBXFileReference; lastKnownFileType = sourcecode.c.objc; path = AppDelegate.m; sourceTree = "<group>"; };
		AFD00A841AE7764300939B75 /* ViewController.h */ = {isa = PBXFileReference; lastKnownFileType = sourcecode.c.h; path = ViewController.h; sourceTree = "<group>"; };
		AFD00A851AE7764300939B75 /* ViewController.m */ = {isa = PBXFileReference; lastKnownFileType = sourcecode.c.objc; path = ViewController.m; sourceTree = "<group>"; };
		AFD00A881AE7764300939B75 /* Base */ = {isa = PBXFileReference; lastKnownFileType = file.storyboard; name = Base; path = Base.lproj/Main.storyboard; sourceTree = "<group>"; };
		AFD00A8A1AE7764300939B75 /* Images.xcassets */ = {isa = PBXFileReference; lastKnownFileType = folder.assetcatalog; path = Images.xcassets; sourceTree = "<group>"; };
		AFD00A8D1AE7764300939B75 /* Base */ = {isa = PBXFileReference; lastKnownFileType = file.xib; name = Base; path = Base.lproj/LaunchScreen.xib; sourceTree = "<group>"; };
		AFD00A931AE7764400939B75 /* ListDemoTests.xctest */ = {isa = PBXFileReference; explicitFileType = wrapper.cfbundle; includeInIndex = 0; path = ListDemoTests.xctest; sourceTree = BUILT_PRODUCTS_DIR; };
		AFD00A981AE7764400939B75 /* Info.plist */ = {isa = PBXFileReference; lastKnownFileType = text.plist.xml; path = Info.plist; sourceTree = "<group>"; };
		AFD00A991AE7764400939B75 /* ListDemoTests.m */ = {isa = PBXFileReference; lastKnownFileType = sourcecode.c.objc; path = ListDemoTests.m; sourceTree = "<group>"; };
		AFD00AA31AE7773B00939B75 /* friends.plist */ = {isa = PBXFileReference; fileEncoding = 4; lastKnownFileType = text.plist.xml; path = friends.plist; sourceTree = "<group>"; };
		AFD00AA51AE7779900939B75 /* GroupModel.h */ = {isa = PBXFileReference; fileEncoding = 4; lastKnownFileType = sourcecode.c.h; path = GroupModel.h; sourceTree = "<group>"; };
		AFD00AA61AE7779900939B75 /* GroupModel.m */ = {isa = PBXFileReference; fileEncoding = 4; lastKnownFileType = sourcecode.c.objc; path = GroupModel.m; sourceTree = "<group>"; };
		AFD00AA81AE777A800939B75 /* FriendModel.h */ = {isa = PBXFileReference; fileEncoding = 4; lastKnownFileType = sourcecode.c.h; path = FriendModel.h; sourceTree = "<group>"; };
		AFD00AA91AE777A800939B75 /* FriendModel.m */ = {isa = PBXFileReference; fileEncoding = 4; lastKnownFileType = sourcecode.c.objc; path = FriendModel.m; sourceTree = "<group>"; };
		AFD00AAB1AE78B5600939B75 /* HeaderView.h */ = {isa = PBXFileReference; fileEncoding = 4; lastKnownFileType = sourcecode.c.h; path = HeaderView.h; sourceTree = "<group>"; };
		AFD00AAC1AE78B5600939B75 /* HeaderView.m */ = {isa = PBXFileReference; fileEncoding = 4; lastKnownFileType = sourcecode.c.objc; path = HeaderView.m; sourceTree = "<group>"; };
/* End PBXFileReference section */

/* Begin PBXFrameworksBuildPhase section */
		AFD00A771AE7764300939B75 /* Frameworks */ = {
			isa = PBXFrameworksBuildPhase;
			buildActionMask = 2147483647;
			files = (
			);
			runOnlyForDeploymentPostprocessing = 0;
		};
		AFD00A901AE7764400939B75 /* Frameworks */ = {
			isa = PBXFrameworksBuildPhase;
			buildActionMask = 2147483647;
			files = (
			);
			runOnlyForDeploymentPostprocessing = 0;
		};
/* End PBXFrameworksBuildPhase section */

/* Begin PBXGroup section */
		AFD00A711AE7764300939B75 = {
			isa = PBXGroup;
			children = (
				AFD00A7C1AE7764300939B75 /* ListDemo */,
				AFD00A961AE7764400939B75 /* ListDemoTests */,
				AFD00A7B1AE7764300939B75 /* Products */,
			);
			sourceTree = "<group>";
		};
		AFD00A7B1AE7764300939B75 /* Products */ = {
			isa = PBXGroup;
			children = (
				AFD00A7A1AE7764300939B75 /* ListDemo.app */,
				AFD00A931AE7764400939B75 /* ListDemoTests.xctest */,
			);
			name = Products;
			sourceTree = "<group>";
		};
		AFD00A7C1AE7764300939B75 /* ListDemo */ = {
			isa = PBXGroup;
			children = (
				AFD00AA31AE7773B00939B75 /* friends.plist */,
				AFD00A811AE7764300939B75 /* AppDelegate.h */,
				AFD00A821AE7764300939B75 /* AppDelegate.m */,
				AFD00A841AE7764300939B75 /* ViewController.h */,
				AFD00A851AE7764300939B75 /* ViewController.m */,
				AFD00A871AE7764300939B75 /* Main.storyboard */,
				AFD00A8A1AE7764300939B75 /* Images.xcassets */,
				AFD00A8C1AE7764300939B75 /* LaunchScreen.xib */,
				AFD00A7D1AE7764300939B75 /* Supporting Files */,
				AFD00AA51AE7779900939B75 /* GroupModel.h */,
				AFD00AA61AE7779900939B75 /* GroupModel.m */,
				AFD00AA81AE777A800939B75 /* FriendModel.h */,
				AFD00AA91AE777A800939B75 /* FriendModel.m */,
				AFD00AAB1AE78B5600939B75 /* HeaderView.h */,
				AFD00AAC1AE78B5600939B75 /* HeaderView.m */,
			);
			path = ListDemo;
			sourceTree = "<group>";
		};
		AFD00A7D1AE7764300939B75 /* Supporting Files */ = {
			isa = PBXGroup;
			children = (
				AFD00A7E1AE7764300939B75 /* Info.plist */,
				AFD00A7F1AE7764300939B75 /* main.m */,
			);
			name = "Supporting Files";
			sourceTree = "<group>";
		};
		AFD00A961AE7764400939B75 /* ListDemoTests */ = {
			isa = PBXGroup;
			children = (
				AFD00A991AE7764400939B75 /* ListDemoTests.m */,
				AFD00A971AE7764400939B75 /* Supporting Files */,
			);
			path = ListDemoTests;
			sourceTree = "<group>";
		};
		AFD00A971AE7764400939B75 /* Supporting Files */ = {
			isa = PBXGroup;
			children = (
				AFD00A981AE7764400939B75 /* Info.plist */,
			);
			name = "Supporting Files";
			sourceTree = "<group>";
		};
/* End PBXGroup section */

/* Begin PBXNativeTarget section */
		AFD00A791AE7764300939B75 /* ListDemo */ = {
			isa = PBXNativeTarget;
			buildConfigurationList = AFD00A9D1AE7764400939B75 /* Build configuration list for PBXNativeTarget "ListDemo" */;
			buildPhases = (
				AFD00A761AE7764300939B75 /* Sources */,
				AFD00A771AE7764300939B75 /* Frameworks */,
				AFD00A781AE7764300939B75 /* Resources */,
			);
			buildRules = (
			);
			dependencies = (
			);
			name = ListDemo;
			productName = ListDemo;
			productReference = AFD00A7A1AE7764300939B75 /* ListDemo.app */;
			productType = "com.apple.product-type.application";
		};
		AFD00A921AE7764400939B75 /* ListDemoTests */ = {
			isa = PBXNativeTarget;
			buildConfigurationList = AFD00AA01AE7764400939B75 /* Build configuration list for PBXNativeTarget "ListDemoTests" */;
			buildPhases = (
				AFD00A8F1AE7764400939B75 /* Sources */,
				AFD00A901AE7764400939B75 /* Frameworks */,
				AFD00A911AE7764400939B75 /* Resources */,
			);
			buildRules = (
			);
			dependencies = (
				AFD00A951AE7764400939B75 /* PBXTargetDependency */,
			);
			name = ListDemoTests;
			productName = ListDemoTests;
			productReference = AFD00A931AE7764400939B75 /* ListDemoTests.xctest */;
			productType = "com.apple.product-type.bundle.unit-test";
		};
/* End PBXNativeTarget section */

/* Begin PBXProject section */
		AFD00A721AE7764300939B75 /* Project object */ = {
			isa = PBXProject;
			attributes = {
				LastUpgradeCheck = 0620;
				ORGANIZATIONNAME = Duomai;
				TargetAttributes = {
					AFD00A791AE7764300939B75 = {
						CreatedOnToolsVersion = 6.2;
					};
					AFD00A921AE7764400939B75 = {
						CreatedOnToolsVersion = 6.2;
						TestTargetID = AFD00A791AE7764300939B75;
					};
				};
			};
			buildConfigurationList = AFD00A751AE7764300939B75 /* Build configuration list for PBXProject "ListDemo" */;
			compatibilityVersion = "Xcode 3.2";
			developmentRegion = English;
			hasScannedForEncodings = 0;
			knownRegions = (
				en,
				Base,
			);
			mainGroup = AFD00A711AE7764300939B75;
			productRefGroup = AFD00A7B1AE7764300939B75 /* Products */;
			projectDirPath = "";
			projectRoot = "";
			targets = (
				AFD00A791AE7764300939B75 /* ListDemo */,
				AFD00A921AE7764400939B75 /* ListDemoTests */,
			);
		};
/* End PBXProject section */

/* Begin PBXResourcesBuildPhase section */
		AFD00A781AE7764300939B75 /* Resources */ = {
			isa = PBXResourcesBuildPhase;
			buildActionMask = 2147483647;
			files = (
				AFD00A891AE7764300939B75 /* Main.storyboard in Resources */,
				AFD00A8E1AE7764300939B75 /* LaunchScreen.xib in Resources */,
				AFD00AA41AE7773B00939B75 /* friends.plist in Resources */,
				AFD00A8B1AE7764300939B75 /* Images.xcassets in Resources */,
			);
			runOnlyForDeploymentPostprocessing = 0;
		};
		AFD00A911AE7764400939B75 /* Resources */ = {
			isa = PBXResourcesBuildPhase;
			buildActionMask = 2147483647;
			files = (
			);
			runOnlyForDeploymentPostprocessing = 0;
		};
/* End PBXResourcesBuildPhase section */

/* Begin PBXSourcesBuildPhase section */
		AFD00A761AE7764300939B75 /* Sources */ = {
			isa = PBXSourcesBuildPhase;
			buildActionMask = 2147483647;
			files = (
				AFD00AAA1AE777A800939B75 /* FriendModel.m in Sources */,
				AFD00AAD1AE78B5600939B75 /* HeaderView.m in Sources */,
				AFD00A861AE7764300939B75 /* ViewController.m in Sources */,
				AFD00AA71AE7779900939B75 /* GroupModel.m in Sources */,
				AFD00A831AE7764300939B75 /* AppDelegate.m in Sources */,
				AFD00A801AE7764300939B75 /* main.m in Sources */,
			);
			runOnlyForDeploymentPostprocessing = 0;
		};
		AFD00A8F1AE7764400939B75 /* Sources */ = {
			isa = PBXSourcesBuildPhase;
			buildActionMask = 2147483647;
			files = (
				AFD00A9A1AE7764400939B75 /* ListDemoTests.m in Sources */,
			);
			runOnlyForDeploymentPostprocessing = 0;
		};
/* End PBXSourcesBuildPhase section */

/* Begin PBXTargetDependency section */
		AFD00A951AE7764400939B75 /* PBXTargetDependency */ = {
			isa = PBXTargetDependency;
			target = AFD00A791AE7764300939B75 /* ListDemo */;
			targetProxy = AFD00A941AE7764400939B75 /* PBXContainerItemProxy */;
		};
/* End PBXTargetDependency section */

/* Begin PBXVariantGroup section */
		AFD00A871AE7764300939B75 /* Main.storyboard */ = {
			isa = PBXVariantGroup;
			children = (
				AFD00A881AE7764300939B75 /* Base */,
			);
			name = Main.storyboard;
			sourceTree = "<group>";
		};
		AFD00A8C1AE7764300939B75 /* LaunchScreen.xib */ = {
			isa = PBXVariantGroup;
			children = (
				AFD00A8D1AE7764300939B75 /* Base */,
			);
			name = LaunchScreen.xib;
			sourceTree = "<group>";
		};
/* End PBXVariantGroup section */

/* Begin XCBuildConfiguration section */
		AFD00A9B1AE7764400939B75 /* Debug */ = {
			isa = XCBuildConfiguration;
			buildSettings = {
				ALWAYS_SEARCH_USER_PATHS = NO;
				CLANG_CXX_LANGUAGE_STANDARD = "gnu++0x";
				CLANG_CXX_LIBRARY = "libc++";
				CLANG_ENABLE_MODULES = YES;
				CLANG_ENABLE_OBJC_ARC = YES;
				CLANG_WARN_BOOL_CONVERSION = YES;
				CLANG_WARN_CONSTANT_CONVERSION = YES;
				CLANG_WARN_DIRECT_OBJC_ISA_USAGE = YES_ERROR;
				CLANG_WARN_EMPTY_BODY = YES;
				CLANG_WARN_ENUM_CONVERSION = YES;
				CLANG_WARN_INT_CONVERSION = YES;
				CLANG_WARN_OBJC_ROOT_CLASS = YES_ERROR;
				CLANG_WARN_UNREACHABLE_CODE = YES;
				CLANG_WARN__DUPLICATE_METHOD_MATCH = YES;
				"CODE_SIGN_IDENTITY[sdk=iphoneos*]" = "iPhone Developer";
				COPY_PHASE_STRIP = NO;
				ENABLE_STRICT_OBJC_MSGSEND = YES;
				GCC_C_LANGUAGE_STANDARD = gnu99;
				GCC_DYNAMIC_NO_PIC = NO;
				GCC_OPTIMIZATION_LEVEL = 0;
				GCC_PREPROCESSOR_DEFINITIONS = (
					"DEBUG=1",
					"$(inherited)",
				);
				GCC_SYMBOLS_PRIVATE_EXTERN = NO;
				GCC_WARN_64_TO_32_BIT_CONVERSION = YES;
				GCC_WARN_ABOUT_RETURN_TYPE = YES_ERROR;
				GCC_WARN_UNDECLARED_SELECTOR = YES;
				GCC_WARN_UNINITIALIZED_AUTOS = YES_AGGRESSIVE;
				GCC_WARN_UNUSED_FUNCTION = YES;
				GCC_WARN_UNUSED_VARIABLE = YES;
				IPHONEOS_DEPLOYMENT_TARGET = 8.2;
				MTL_ENABLE_DEBUG_INFO = YES;
				ONLY_ACTIVE_ARCH = YES;
				SDKROOT = iphoneos;
				TARGETED_DEVICE_FAMILY = "1,2";
			};
			name = Debug;
		};
		AFD00A9C1AE7764400939B75 /* Release */ = {
			isa = XCBuildConfiguration;
			buildSettings = {
				ALWAYS_SEARCH_USER_PATHS = NO;
				CLANG_CXX_LANGUAGE_STANDARD = "gnu++0x";
				CLANG_CXX_LIBRARY = "libc++";
				CLANG_ENABLE_MODULES = YES;
				CLANG_ENABLE_OBJC_ARC = YES;
				CLANG_WARN_BOOL_CONVERSION = YES;
				CLANG_WARN_CONSTANT_CONVERSION = YES;
				CLANG_WARN_DIRECT_OBJC_ISA_USAGE = YES_ERROR;
				CLANG_WARN_EMPTY_BODY = YES;
				CLANG_WARN_ENUM_CONVERSION = YES;
				CLANG_WARN_INT_CONVERSION = YES;
				CLANG_WARN_OBJC_ROOT_CLASS = YES_ERROR;
				CLANG_WARN_UNREACHABLE_CODE = YES;
				CLANG_WARN__DUPLICATE_METHOD_MATCH = YES;
				"CODE_SIGN_IDENTITY[sdk=iphoneos*]" = "iPhone Developer";
				COPY_PHASE_STRIP = NO;
				ENABLE_NS_ASSERTIONS = NO;
				ENABLE_STRICT_OBJC_MSGSEND = YES;
				GCC_C_LANGUAGE_STANDARD = gnu99;
				GCC_WARN_64_TO_32_BIT_CONVERSION = YES;
				GCC_WARN_ABOUT_RETURN_TYPE = YES_ERROR;
				GCC_WARN_UNDECLARED_SELECTOR = YES;
				GCC_WARN_UNINITIALIZED_AUTOS = YES_AGGRESSIVE;
				GCC_WARN_UNUSED_FUNCTION = YES;
				GCC_WARN_UNUSED_VARIABLE = YES;
				IPHONEOS_DEPLOYMENT_TARGET = 8.2;
				MTL_ENABLE_DEBUG_INFO = NO;
				SDKROOT = iphoneos;
				TARGETED_DEVICE_FAMILY = "1,2";
				VALIDATE_PRODUCT = YES;
			};
			name = Release;
		};
		AFD00A9E1AE7764400939B75 /* Debug */ = {
			isa = XCBuildConfiguration;
			buildSettings = {
				ASSETCATALOG_COMPILER_APPICON_NAME = AppIcon;
				INFOPLIST_FILE = ListDemo/Info.plist;
				LD_RUNPATH_SEARCH_PATHS = "$(inherited) @executable_path/Frameworks";
				PRODUCT_NAME = "$(TARGET_NAME)";
			};
			name = Debug;
		};
		AFD00A9F1AE7764400939B75 /* Release */ = {
			isa = XCBuildConfiguration;
			buildSettings = {
				ASSETCATALOG_COMPILER_APPICON_NAME = AppIcon;
				INFOPLIST_FILE = ListDemo/Info.plist;
				LD_RUNPATH_SEARCH_PATHS = "$(inherited) @executable_path/Frameworks";
				PRODUCT_NAME = "$(TARGET_NAME)";
			};
			name = Release;
		};
		AFD00AA11AE7764400939B75 /* Debug */ = {
			isa = XCBuildConfiguration;
			buildSettings = {
				BUNDLE_LOADER = "$(TEST_HOST)";
				FRAMEWORK_SEARCH_PATHS = (
					"$(SDKROOT)/Developer/Library/Frameworks",
					"$(inherited)",
				);
				GCC_PREPROCESSOR_DEFINITIONS = (
					"DEBUG=1",
					"$(inherited)",
				);
				INFOPLIST_FILE = ListDemoTests/Info.plist;
				LD_RUNPATH_SEARCH_PATHS = "$(inherited) @executable_path/Frameworks @loader_path/Frameworks";
				PRODUCT_NAME = "$(TARGET_NAME)";
				TEST_HOST = "$(BUILT_PRODUCTS_DIR)/ListDemo.app/ListDemo";
			};
			name = Debug;
		};
		AFD00AA21AE7764400939B75 /* Release */ = {
			isa = XCBuildConfiguration;
			buildSettings = {
				BUNDLE_LOADER = "$(TEST_HOST)";
				FRAMEWORK_SEARCH_PATHS = (
					"$(SDKROOT)/Developer/Library/Frameworks",
					"$(inherited)",
				);
				INFOPLIST_FILE = ListDemoTests/Info.plist;
				LD_RUNPATH_SEARCH_PATHS = "$(inherited) @executable_path/Frameworks @loader_path/Frameworks";
				PRODUCT_NAME = "$(TARGET_NAME)";
				TEST_HOST = "$(BUILT_PRODUCTS_DIR)/ListDemo.app/ListDemo";
			};
			name = Release;
		};
/* End XCBuildConfiguration section */

/* Begin XCConfigurationList section */
		AFD00A751AE7764300939B75 /* Build configuration list for PBXProject "ListDemo" */ = {
			isa = XCConfigurationList;
			buildConfigurations = (
				AFD00A9B1AE7764400939B75 /* Debug */,
				AFD00A9C1AE7764400939B75 /* Release */,
			);
			defaultConfigurationIsVisible = 0;
			defaultConfigurationName = Release;
		};
		AFD00A9D1AE7764400939B75 /* Build configuration list for PBXNativeTarget "ListDemo" */ = {
			isa = XCConfigurationList;
			buildConfigurations = (
				AFD00A9E1AE7764400939B75 /* Debug */,
				AFD00A9F1AE7764400939B75 /* Release */,
			);
			defaultConfigurationIsVisible = 0;
		};
		AFD00AA01AE7764400939B75 /* Build configuration list for PBXNativeTarget "ListDemoTests" */ = {
			isa = XCConfigurationList;
			buildConfigurations = (
				AFD00AA11AE7764400939B75 /* Debug */,
				AFD00AA21AE7764400939B75 /* Release */,
			);
			defaultConfigurationIsVisible = 0;
		};
/* End XCConfigurationList section */
	};
	rootObject = AFD00A721AE7764300939B75 /* Project object */;
}
